
Microsoft Visual Studio Solution File, Format Version 12.00
# Visual Studio 15
VisualStudioVersion = 15.0.28307.572
MinimumVisualStudioVersion = 10.0.40219.1
Project("{FAE04EC0-301F-11D3-BF4B-00C04F79EFBC}") = "WordscapesCheat.CLI", "src\WordscapesCheat.CLI\WordscapesCheat.CLI.csproj", "{FF29FD59-7363-4B26-A24B-92FDDD8A2E51}"
EndProject
Project("{FAE04EC0-301F-11D3-BF4B-00C04F79EFBC}") = "WordscapesCheat", "src\WordscapesCheat\WordscapesCheat.csproj", "{A3415268-B8C1-4A07-AF24-EF2CFD2C7E95}"
EndProject
Project("{FAE04EC0-301F-11D3-BF4B-00C04F79EFBC}") = "WordscapesCheatTests", "src\WordscapesCheatTests\WordscapesCheatTests.csproj", "{5EFBD464-67C6-4C0B-906F-09BCAD230A37}"
EndProject
Project("{FAE04EC0-301F-11D3-BF4B-00C04F79EFBC}") = "WordscapesCheat.Data", "src\WordscapesCheat.Data\WordscapesCheat.Data.csproj", "{93EB76D9-A0EF-4D49-9023-A91129ECD5B4}"
EndProject
Global
	GlobalSection(SolutionConfigurationPlatforms) = preSolution
		Debug|Any CPU = Debug|Any CPU
		Release|Any CPU = Release|Any CPU
	EndGlobalSection
	GlobalSection(ProjectConfigurationPlatforms) = postSolution
		{FF29FD59-7363-4B26-A24B-92FDDD8A2E51}.Debug|Any CPU.ActiveCfg = Debug|Any CPU
		{FF29FD59-7363-4B26-A24B-92FDDD8A2E51}.Debug|Any CPU.Build.0 = Debug|Any CPU
		{FF29FD59-7363-4B26-A24B-92FDDD8A2E51}.Release|Any CPU.ActiveCfg = Release|Any CPU
		{FF29FD59-7363-4B26-A24B-92FDDD8A2E51}.Release|Any CPU.Build.0 = Release|Any CPU
		{A3415268-B8C1-4A07-AF24-EF2CFD2C7E95}.Debug|Any CPU.ActiveCfg = Debug|Any CPU
		{A3415268-B8C1-4A07-AF24-EF2CFD2C7E95}.Debug|Any CPU.Build.0 = Debug|Any CPU
		{A3415268-B8C1-4A07-AF24-EF2CFD2C7E95}.Release|Any CPU.ActiveCfg = Release|Any CPU
		{A3415268-B8C1-4A07-AF24-EF2CFD2C7E95}.Release|Any CPU.Build.0 = Release|Any CPU
		{5EFBD464-67C6-4C0B-906F-09BCAD230A37}.Debug|Any CPU.ActiveCfg = Debug|Any CPU
		{5EFBD464-67C6-4C0B-906F-09BCAD230A37}.Debug|Any CPU.Build.0 = Debug|Any CPU
		{5EFBD464-67C6-4C0B-906F-09BCAD230A37}.Release|Any CPU.ActiveCfg = Release|Any CPU
		{5EFBD464-67C6-4C0B-906F-09BCAD230A37}.Release|Any CPU.Build.0 = Release|Any CPU
		{93EB76D9-A0EF-4D49-9023-A91129ECD5B4}.Debug|Any CPU.ActiveCfg = Debug|Any CPU
		{93EB76D9-A0EF-4D49-9023-A91129ECD5B4}.Debug|Any CPU.Build.0 = Debug|Any CPU
		{93EB76D9-A0EF-4D49-9023-A91129ECD5B4}.Release|Any CPU.ActiveCfg = Release|Any CPU
		{93EB76D9-A0EF-4D49-9023-A91129ECD5B4}.Release|Any CPU.Build.0 = Release|Any CPU
	EndGlobalSection
	GlobalSection(SolutionProperties) = preSolution
		HideSolutionNode = FALSE
	EndGlobalSection
	GlobalSection(ExtensibilityGlobals) = postSolution
		SolutionGuid = {4832C1A9-834C-499E-B07C-8C9870E1C02F}
	EndGlobalSection
EndGlobal
